
Microsoft Visual Studio Solution File, Format Version 11.00
# Visual Studio 2010
Project("{8BC9CEB8-8B4A-11D0-8D11-00A0C91BC942}") = "BackProp", "BackProp.vcxproj", "{37F99DB3-BD63-4AF1-5AD3-E9C88C062368}"
EndProject
Global
	GlobalSection(SolutionConfigurationPlatforms) = preSolution
		Debug|Win32 = Debug|Win32
		Release|Win32 = Release|Win32
	EndGlobalSection
	GlobalSection(ProjectConfigurationPlatforms) = postSolution
		{37F99DB3-BD63-4AF1-5AD3-E9C88C062368}.Debug|Win32.ActiveCfg = Debug|Win32
		{37F99DB3-BD63-4AF1-5AD3-E9C88C062368}.Debug|Win32.Build.0 = Debug|Win32
		{37F99DB3-BD63-4AF1-5AD3-E9C88C062368}.Release|Win32.ActiveCfg = Release|Win32
		{37F99DB3-BD63-4AF1-5AD3-E9C88C062368}.Release|Win32.Build.0 = Release|Win32
	EndGlobalSection
	GlobalSection(SolutionProperties) = preSolution
		HideSolutionNode = FALSE
	EndGlobalSection
EndGlobal
